
Microsoft Visual Studio Solution File, Format Version 12.00
# Visual Studio 15
Project("{FAE04EC0-301F-11D3-BF4B-00C04F79EFBC}") = "w2t1", "w2t1\w2t1.csproj", "{E3B52AC3-F596-48A6-B813-29F75372B78E}"
EndProject
Global
	GlobalSection(SolutionConfigurationPlatforms) = preSolution
		Debug|Any CPU = Debug|Any CPU
		Release|Any CPU = Release|Any CPU
	EndGlobalSection
	GlobalSection(ProjectConfigurationPlatforms) = postSolution
		{E3B52AC3-F596-48A6-B813-29F75372B78E}.Debug|Any CPU.ActiveCfg = Debug|Any CPU
		{E3B52AC3-F596-48A6-B813-29F75372B78E}.Debug|Any CPU.Build.0 = Debug|Any CPU
		{E3B52AC3-F596-48A6-B813-29F75372B78E}.Release|Any CPU.ActiveCfg = Release|Any CPU
		{E3B52AC3-F596-48A6-B813-29F75372B78E}.Release|Any CPU.Build.0 = Release|Any CPU
	EndGlobalSection
EndGlobal
